
Microsoft Visual Studio Solution File, Format Version 12.00
# Visual Studio Version 16
VisualStudioVersion = 16.0.30413.136
MinimumVisualStudioVersion = 10.0.40219.1
Project("{FAE04EC0-301F-11D3-BF4B-00C04F79EFBC}") = "height_meme", "height_meme\height_meme.csproj", "{CA328E56-99D1-4A73-A75F-F110DB9215FE}"
EndProject
Global
	GlobalSection(SolutionConfigurationPlatforms) = preSolution
		Debug|Any CPU = Debug|Any CPU
		Release|Any CPU = Release|Any CPU
	EndGlobalSection
	GlobalSection(ProjectConfigurationPlatforms) = postSolution
		{CA328E56-99D1-4A73-A75F-F110DB9215FE}.Debug|Any CPU.ActiveCfg = Debug|Any CPU
		{CA328E56-99D1-4A73-A75F-F110DB9215FE}.Debug|Any CPU.Build.0 = Debug|Any CPU
		{CA328E56-99D1-4A73-A75F-F110DB9215FE}.Release|Any CPU.ActiveCfg = Release|Any CPU
		{CA328E56-99D1-4A73-A75F-F110DB9215FE}.Release|Any CPU.Build.0 = Release|Any CPU
	EndGlobalSection
	GlobalSection(SolutionProperties) = preSolution
		HideSolutionNode = FALSE
	EndGlobalSection
	GlobalSection(ExtensibilityGlobals) = postSolution
		SolutionGuid = {5555B285-58C5-4768-92BF-B194F47847D4}
	EndGlobalSection
EndGlobal
